// !$*UTF8*$!
{
	archiveVersion = 1;
	classes = {
	};
	objectVersion = 56;
	objects = {

/* Begin PBXBuildFile section */
		494647DE299FB32B00E47D4E /* FruitData.swift in Sources */ = {isa = PBXBuildFile; fileRef = 494647CC299FB32A00E47D4E /* FruitData.swift */; };
		494647DF299FB32B00E47D4E /* FruitDetailView.swift in Sources */ = {isa = PBXBuildFile; fileRef = 494647CE299FB32A00E47D4E /* FruitDetailView.swift */; };
		494647E0299FB32B00E47D4E /* FructusSettingsView.swift in Sources */ = {isa = PBXBuildFile; fileRef = 494647CF299FB32A00E47D4E /* FructusSettingsView.swift */; };
		494647E1299FB32B00E47D4E /* SettingsRowView.swift in Sources */ = {isa = PBXBuildFile; fileRef = 494647D0299FB32A00E47D4E /* SettingsRowView.swift */; };
		494647E2299FB32B00E47D4E /* FructusOnboardingView.swift in Sources */ = {isa = PBXBuildFile; fileRef = 494647D1299FB32A00E47D4E /* FructusOnboardingView.swift */; };
		494647E3299FB32B00E47D4E /* FructusApp.swift in Sources */ = {isa = PBXBuildFile; fileRef = 494647D2299FB32A00E47D4E /* FructusApp.swift */; };
		494647E4299FB32B00E47D4E /* FructusContentView.swift in Sources */ = {isa = PBXBuildFile; fileRef = 494647D3299FB32A00E47D4E /* FructusContentView.swift */; };
		494647E5299FB32B00E47D4E /* StartButtonView.swift in Sources */ = {isa = PBXBuildFile; fileRef = 494647D5299FB32B00E47D4E /* StartButtonView.swift */; };
		494647E6299FB32B00E47D4E /* FruitRowView.swift in Sources */ = {isa = PBXBuildFile; fileRef = 494647D6299FB32B00E47D4E /* FruitRowView.swift */; };
		494647E7299FB32B00E47D4E /* SourceLinkView.swift in Sources */ = {isa = PBXBuildFile; fileRef = 494647D7299FB32B00E47D4E /* SourceLinkView.swift */; };
		494647E8299FB32B00E47D4E /* FruitNutrientsView.swift in Sources */ = {isa = PBXBuildFile; fileRef = 494647D8299FB32B00E47D4E /* FruitNutrientsView.swift */; };
		494647E9299FB32B00E47D4E /* FruitHeaderView.swift in Sources */ = {isa = PBXBuildFile; fileRef = 494647D9299FB32B00E47D4E /* FruitHeaderView.swift */; };
		494647EA299FB32B00E47D4E /* FruitCardView.swift in Sources */ = {isa = PBXBuildFile; fileRef = 494647DA299FB32B00E47D4E /* FruitCardView.swift */; };
		494647EB299FB32B00E47D4E /* SettingsLabelView.swift in Sources */ = {isa = PBXBuildFile; fileRef = 494647DB299FB32B00E47D4E /* SettingsLabelView.swift */; };
		494647EC299FB32B00E47D4E /* FruitModel.swift in Sources */ = {isa = PBXBuildFile; fileRef = 494647DD299FB32B00E47D4E /* FruitModel.swift */; };
		49665AA229B4A673007D55D8 /* BackgroundMotionAnimationView.swift in Sources */ = {isa = PBXBuildFile; fileRef = 49665AA129B4A673007D55D8 /* BackgroundMotionAnimationView.swift */; };
		497E334229967C59008710B9 /* PinchMainView.swift in Sources */ = {isa = PBXBuildFile; fileRef = 497E334129967C59008710B9 /* PinchMainView.swift */; };
		497E334429967C8C008710B9 /* PinchPage.swift in Sources */ = {isa = PBXBuildFile; fileRef = 497E334329967C8C008710B9 /* PinchPage.swift */; };
		497E334629967D5F008710B9 /* InfoPanelView.swift in Sources */ = {isa = PBXBuildFile; fileRef = 497E334529967D5F008710B9 /* InfoPanelView.swift */; };
		497E33482998F3CD008710B9 /* C4HoleView.swift in Sources */ = {isa = PBXBuildFile; fileRef = 497E33472998F3CD008710B9 /* C4HoleView.swift */; };
		497E334A2998FB95008710B9 /* C4RowView.swift in Sources */ = {isa = PBXBuildFile; fileRef = 497E33492998FB95008710B9 /* C4RowView.swift */; };
		497E334C2998FCCA008710B9 /* C4BoardView.swift in Sources */ = {isa = PBXBuildFile; fileRef = 497E334B2998FCCA008710B9 /* C4BoardView.swift */; };
		497E33512998FD3A008710B9 /* C4GameView.swift in Sources */ = {isa = PBXBuildFile; fileRef = 497E33502998FD3A008710B9 /* C4GameView.swift */; };
		497E3356299A8AC1008710B9 /* C4GameViewModel.swift in Sources */ = {isa = PBXBuildFile; fileRef = 497E3355299A8AC1008710B9 /* C4GameViewModel.swift */; };
		497E3358299BFEB3008710B9 /* C4PlayerType.swift in Sources */ = {isa = PBXBuildFile; fileRef = 497E3357299BFEB3008710B9 /* C4PlayerType.swift */; };
		49A0CE32298BE0C900D54732 /* SwiftUI_ThingsApp.swift in Sources */ = {isa = PBXBuildFile; fileRef = 49A0CE31298BE0C900D54732 /* SwiftUI_ThingsApp.swift */; };
		49A0CE34298BE0C900D54732 /* MainView.swift in Sources */ = {isa = PBXBuildFile; fileRef = 49A0CE33298BE0C900D54732 /* MainView.swift */; };
		49A0CE36298BE0CB00D54732 /* Assets.xcassets in Resources */ = {isa = PBXBuildFile; fileRef = 49A0CE35298BE0CB00D54732 /* Assets.xcassets */; };
		49A0CE39298BE0CB00D54732 /* Preview Assets.xcassets in Resources */ = {isa = PBXBuildFile; fileRef = 49A0CE38298BE0CB00D54732 /* Preview Assets.xcassets */; };
		49A0CE43298BE38500D54732 /* Thing.swift in Sources */ = {isa = PBXBuildFile; fileRef = 49A0CE42298BE38500D54732 /* Thing.swift */; };
		49A0CE45298BE98E00D54732 /* DestinationView.swift in Sources */ = {isa = PBXBuildFile; fileRef = 49A0CE44298BE98E00D54732 /* DestinationView.swift */; };
		49A0CE47298BEE0900D54732 /* SlideTo.swift in Sources */ = {isa = PBXBuildFile; fileRef = 49A0CE46298BEE0900D54732 /* SlideTo.swift */; };
		49A9DA9F299FD92C0007632C /* GetHeightModifier.swift in Sources */ = {isa = PBXBuildFile; fileRef = 49A9DA9E299FD92C0007632C /* GetHeightModifier.swift */; };
		49A9F78529941FF600B367AE /* ThingType.swift in Sources */ = {isa = PBXBuildFile; fileRef = 49A9F78429941FF600B367AE /* ThingType.swift */; };
		49A9F78A2995765A00B367AE /* RestartHomeView.swift in Sources */ = {isa = PBXBuildFile; fileRef = 49A9F7882995765900B367AE /* RestartHomeView.swift */; };
		49A9F78B2995765A00B367AE /* RestartOnboardingView.swift in Sources */ = {isa = PBXBuildFile; fileRef = 49A9F7892995765900B367AE /* RestartOnboardingView.swift */; };
		49A9F78D2995767800B367AE /* RestartMainView.swift in Sources */ = {isa = PBXBuildFile; fileRef = 49A9F78C2995767800B367AE /* RestartMainView.swift */; };
		49A9F78F299577AA00B367AE /* CircleGroupView.swift in Sources */ = {isa = PBXBuildFile; fileRef = 49A9F78E299577AA00B367AE /* CircleGroupView.swift */; };
		49A9F79329957AB400B367AE /* chimeup.mp3 in Resources */ = {isa = PBXBuildFile; fileRef = 49A9F79129957AB400B367AE /* chimeup.mp3 */; };
		49A9F79429957AB400B367AE /* success.m4a in Resources */ = {isa = PBXBuildFile; fileRef = 49A9F79229957AB400B367AE /* success.m4a */; };
		49A9F79729957ACA00B367AE /* AudioPlayer.swift in Sources */ = {isa = PBXBuildFile; fileRef = 49A9F79629957AC900B367AE /* AudioPlayer.swift */; };
		49A9F79929957B9A00B367AE /* Constants.swift in Sources */ = {isa = PBXBuildFile; fileRef = 49A9F79829957B9A00B367AE /* Constants.swift */; };
/* End PBXBuildFile section */

/* Begin PBXFileReference section */
		494647CC299FB32A00E47D4E /* FruitData.swift */ = {isa = PBXFileReference; fileEncoding = 4; lastKnownFileType = sourcecode.swift; path = FruitData.swift; sourceTree = "<group>"; };
		494647CE299FB32A00E47D4E /* FruitDetailView.swift */ = {isa = PBXFileReference; fileEncoding = 4; lastKnownFileType = sourcecode.swift; path = FruitDetailView.swift; sourceTree = "<group>"; };
		494647CF299FB32A00E47D4E /* FructusSettingsView.swift */ = {isa = PBXFileReference; fileEncoding = 4; lastKnownFileType = sourcecode.swift; path = FructusSettingsView.swift; sourceTree = "<group>"; };
		494647D0299FB32A00E47D4E /* SettingsRowView.swift */ = {isa = PBXFileReference; fileEncoding = 4; lastKnownFileType = sourcecode.swift; path = SettingsRowView.swift; sourceTree = "<group>"; };
		494647D1299FB32A00E47D4E /* FructusOnboardingView.swift */ = {isa = PBXFileReference; fileEncoding = 4; lastKnownFileType = sourcecode.swift; path = FructusOnboardingView.swift; sourceTree = "<group>"; };
		494647D2299FB32A00E47D4E /* FructusApp.swift */ = {isa = PBXFileReference; fileEncoding = 4; lastKnownFileType = sourcecode.swift; path = FructusApp.swift; sourceTree = "<group>"; };
		494647D3299FB32A00E47D4E /* FructusContentView.swift */ = {isa = PBXFileReference; fileEncoding = 4; lastKnownFileType = sourcecode.swift; path = FructusContentView.swift; sourceTree = "<group>"; };
		494647D5299FB32B00E47D4E /* StartButtonView.swift */ = {isa = PBXFileReference; fileEncoding = 4; lastKnownFileType = sourcecode.swift; path = StartButtonView.swift; sourceTree = "<group>"; };
		494647D6299FB32B00E47D4E /* FruitRowView.swift */ = {isa = PBXFileReference; fileEncoding = 4; lastKnownFileType = sourcecode.swift; path = FruitRowView.swift; sourceTree = "<group>"; };
		494647D7299FB32B00E47D4E /* SourceLinkView.swift */ = {isa = PBXFileReference; fileEncoding = 4; lastKnownFileType = sourcecode.swift; path = SourceLinkView.swift; sourceTree = "<group>"; };
		494647D8299FB32B00E47D4E /* FruitNutrientsView.swift */ = {isa = PBXFileReference; fileEncoding = 4; lastKnownFileType = sourcecode.swift; path = FruitNutrientsView.swift; sourceTree = "<group>"; };
		494647D9299FB32B00E47D4E /* FruitHeaderView.swift */ = {isa = PBXFileReference; fileEncoding = 4; lastKnownFileType = sourcecode.swift; path = FruitHeaderView.swift; sourceTree = "<group>"; };
		494647DA299FB32B00E47D4E /* FruitCardView.swift */ = {isa = PBXFileReference; fileEncoding = 4; lastKnownFileType = sourcecode.swift; path = FruitCardView.swift; sourceTree = "<group>"; };
		494647DB299FB32B00E47D4E /* SettingsLabelView.swift */ = {isa = PBXFileReference; fileEncoding = 4; lastKnownFileType = sourcecode.swift; path = SettingsLabelView.swift; sourceTree = "<group>"; };
		494647DD299FB32B00E47D4E /* FruitModel.swift */ = {isa = PBXFileReference; fileEncoding = 4; lastKnownFileType = sourcecode.swift; path = FruitModel.swift; sourceTree = "<group>"; };
		49665AA129B4A673007D55D8 /* BackgroundMotionAnimationView.swift */ = {isa = PBXFileReference; lastKnownFileType = sourcecode.swift; path = BackgroundMotionAnimationView.swift; sourceTree = "<group>"; };
		497E334129967C59008710B9 /* PinchMainView.swift */ = {isa = PBXFileReference; fileEncoding = 4; lastKnownFileType = sourcecode.swift; path = PinchMainView.swift; sourceTree = "<group>"; };
		497E334329967C8C008710B9 /* PinchPage.swift */ = {isa = PBXFileReference; fileEncoding = 4; lastKnownFileType = sourcecode.swift; path = PinchPage.swift; sourceTree = "<group>"; };
		497E334529967D5F008710B9 /* InfoPanelView.swift */ = {isa = PBXFileReference; fileEncoding = 4; lastKnownFileType = sourcecode.swift; path = InfoPanelView.swift; sourceTree = "<group>"; };
		497E33472998F3CD008710B9 /* C4HoleView.swift */ = {isa = PBXFileReference; lastKnownFileType = sourcecode.swift; path = C4HoleView.swift; sourceTree = "<group>"; };
		497E33492998FB95008710B9 /* C4RowView.swift */ = {isa = PBXFileReference; lastKnownFileType = sourcecode.swift; path = C4RowView.swift; sourceTree = "<group>"; };
		497E334B2998FCCA008710B9 /* C4BoardView.swift */ = {isa = PBXFileReference; lastKnownFileType = sourcecode.swift; path = C4BoardView.swift; sourceTree = "<group>"; };
		497E33502998FD3A008710B9 /* C4GameView.swift */ = {isa = PBXFileReference; lastKnownFileType = sourcecode.swift; path = C4GameView.swift; sourceTree = "<group>"; };
		497E3355299A8AC1008710B9 /* C4GameViewModel.swift */ = {isa = PBXFileReference; lastKnownFileType = sourcecode.swift; path = C4GameViewModel.swift; sourceTree = "<group>"; };
		497E3357299BFEB3008710B9 /* C4PlayerType.swift */ = {isa = PBXFileReference; lastKnownFileType = sourcecode.swift; path = C4PlayerType.swift; sourceTree = "<group>"; };
		49A0CE2E298BE0C900D54732 /* SwiftUI Things.app */ = {isa = PBXFileReference; explicitFileType = wrapper.application; includeInIndex = 0; path = "SwiftUI Things.app"; sourceTree = BUILT_PRODUCTS_DIR; };
		49A0CE31298BE0C900D54732 /* SwiftUI_ThingsApp.swift */ = {isa = PBXFileReference; lastKnownFileType = sourcecode.swift; path = SwiftUI_ThingsApp.swift; sourceTree = "<group>"; };
		49A0CE33298BE0C900D54732 /* MainView.swift */ = {isa = PBXFileReference; lastKnownFileType = sourcecode.swift; path = MainView.swift; sourceTree = "<group>"; };
		49A0CE35298BE0CB00D54732 /* Assets.xcassets */ = {isa = PBXFileReference; lastKnownFileType = folder.assetcatalog; path = Assets.xcassets; sourceTree = "<group>"; };
		49A0CE38298BE0CB00D54732 /* Preview Assets.xcassets */ = {isa = PBXFileReference; lastKnownFileType = folder.assetcatalog; path = "Preview Assets.xcassets"; sourceTree = "<group>"; };
		49A0CE42298BE38500D54732 /* Thing.swift */ = {isa = PBXFileReference; lastKnownFileType = sourcecode.swift; path = Thing.swift; sourceTree = "<group>"; };
		49A0CE44298BE98E00D54732 /* DestinationView.swift */ = {isa = PBXFileReference; lastKnownFileType = sourcecode.swift; path = DestinationView.swift; sourceTree = "<group>"; };
		49A0CE46298BEE0900D54732 /* SlideTo.swift */ = {isa = PBXFileReference; lastKnownFileType = sourcecode.swift; path = SlideTo.swift; sourceTree = "<group>"; };
		49A9DA9E299FD92C0007632C /* GetHeightModifier.swift */ = {isa = PBXFileReference; fileEncoding = 4; lastKnownFileType = sourcecode.swift; path = GetHeightModifier.swift; sourceTree = "<group>"; };
		49A9F78429941FF600B367AE /* ThingType.swift */ = {isa = PBXFileReference; lastKnownFileType = sourcecode.swift; path = ThingType.swift; sourceTree = "<group>"; };
		49A9F7882995765900B367AE /* RestartHomeView.swift */ = {isa = PBXFileReference; fileEncoding = 4; lastKnownFileType = sourcecode.swift; path = RestartHomeView.swift; sourceTree = "<group>"; };
		49A9F7892995765900B367AE /* RestartOnboardingView.swift */ = {isa = PBXFileReference; fileEncoding = 4; lastKnownFileType = sourcecode.swift; path = RestartOnboardingView.swift; sourceTree = "<group>"; };
		49A9F78C2995767800B367AE /* RestartMainView.swift */ = {isa = PBXFileReference; fileEncoding = 4; lastKnownFileType = sourcecode.swift; path = RestartMainView.swift; sourceTree = "<group>"; };
		49A9F78E299577AA00B367AE /* CircleGroupView.swift */ = {isa = PBXFileReference; fileEncoding = 4; lastKnownFileType = sourcecode.swift; path = CircleGroupView.swift; sourceTree = "<group>"; };
		49A9F79129957AB400B367AE /* chimeup.mp3 */ = {isa = PBXFileReference; lastKnownFileType = audio.mp3; path = chimeup.mp3; sourceTree = "<group>"; };
		49A9F79229957AB400B367AE /* success.m4a */ = {isa = PBXFileReference; lastKnownFileType = file; path = success.m4a; sourceTree = "<group>"; };
		49A9F79629957AC900B367AE /* AudioPlayer.swift */ = {isa = PBXFileReference; fileEncoding = 4; lastKnownFileType = sourcecode.swift; path = AudioPlayer.swift; sourceTree = "<group>"; };
		49A9F79829957B9A00B367AE /* Constants.swift */ = {isa = PBXFileReference; lastKnownFileType = sourcecode.swift; path = Constants.swift; sourceTree = "<group>"; };
/* End PBXFileReference section */

/* Begin PBXFrameworksBuildPhase section */
		49A0CE2B298BE0C900D54732 /* Frameworks */ = {
			isa = PBXFrameworksBuildPhase;
			buildActionMask = 2147483647;
			files = (
			);
			runOnlyForDeploymentPostprocessing = 0;
		};
/* End PBXFrameworksBuildPhase section */

/* Begin PBXGroup section */
		494647CA299FB31600E47D4E /* Fructus */ = {
			isa = PBXGroup;
			children = (
				494647CB299FB32A00E47D4E /* Data */,
				494647DC299FB32B00E47D4E /* Models */,
				494647D4299FB32B00E47D4E /* Components */,
				494647CD299FB32A00E47D4E /* Scenes */,
			);
			path = Fructus;
			sourceTree = "<group>";
		};
		494647CB299FB32A00E47D4E /* Data */ = {
			isa = PBXGroup;
			children = (
				494647CC299FB32A00E47D4E /* FruitData.swift */,
			);
			path = Data;
			sourceTree = "<group>";
		};
		494647CD299FB32A00E47D4E /* Scenes */ = {
			isa = PBXGroup;
			children = (
				494647D2299FB32A00E47D4E /* FructusApp.swift */,
				494647D3299FB32A00E47D4E /* FructusContentView.swift */,
				494647CE299FB32A00E47D4E /* FruitDetailView.swift */,
				494647D1299FB32A00E47D4E /* FructusOnboardingView.swift */,
				494647CF299FB32A00E47D4E /* FructusSettingsView.swift */,
			);
			path = Scenes;
			sourceTree = "<group>";
		};
		494647D4299FB32B00E47D4E /* Components */ = {
			isa = PBXGroup;
			children = (
				494647DA299FB32B00E47D4E /* FruitCardView.swift */,
				494647D9299FB32B00E47D4E /* FruitHeaderView.swift */,
				494647D8299FB32B00E47D4E /* FruitNutrientsView.swift */,
				494647D6299FB32B00E47D4E /* FruitRowView.swift */,
				494647DB299FB32B00E47D4E /* SettingsLabelView.swift */,
				494647D0299FB32A00E47D4E /* SettingsRowView.swift */,
				494647D7299FB32B00E47D4E /* SourceLinkView.swift */,
				494647D5299FB32B00E47D4E /* StartButtonView.swift */,
			);
			path = Components;
			sourceTree = "<group>";
		};
		494647DC299FB32B00E47D4E /* Models */ = {
			isa = PBXGroup;
			children = (
				494647DD299FB32B00E47D4E /* FruitModel.swift */,
			);
			path = Models;
			sourceTree = "<group>";
		};
		497E334029967C4B008710B9 /* Pinch */ = {
			isa = PBXGroup;
			children = (
				49A9DAA4299FDD160007632C /* Models */,
				49A9DAA3299FDCF70007632C /* Components */,
				497E334129967C59008710B9 /* PinchMainView.swift */,
			);
			path = Pinch;
			sourceTree = "<group>";
		};
		497E334E2998FD23008710B9 /* Connect4 */ = {
			isa = PBXGroup;
			children = (
				49A9DAA0299FDC900007632C /* Models */,
				49A9DAA2299FDCC00007632C /* Components */,
				49A9DAA1299FDC9A0007632C /* Scenes */,
			);
			path = Connect4;
			sourceTree = "<group>";
		};
		49A0CE25298BE0C900D54732 = {
			isa = PBXGroup;
			children = (
				49A0CE30298BE0C900D54732 /* SwiftUI Things */,
				49A0CE2F298BE0C900D54732 /* Products */,
			);
			sourceTree = "<group>";
		};
		49A0CE2F298BE0C900D54732 /* Products */ = {
			isa = PBXGroup;
			children = (
				49A0CE2E298BE0C900D54732 /* SwiftUI Things.app */,
			);
			name = Products;
			sourceTree = "<group>";
		};
		49A0CE30298BE0C900D54732 /* SwiftUI Things */ = {
			isa = PBXGroup;
			children = (
				49A0CE41298BE37200D54732 /* Models */,
				49A0CE40298BE2F300D54732 /* Components */,
				49A9F7862995763F00B367AE /* SampleApps */,
				49A0CE3F298BE2EA00D54732 /* Scenes */,
				49A9DA9B299FD8620007632C /* Modifiers */,
				49A9F79529957AC900B367AE /* Utilities */,
				49A9F79029957AB400B367AE /* Sounds */,
				49A0CE35298BE0CB00D54732 /* Assets.xcassets */,
				49A0CE31298BE0C900D54732 /* SwiftUI_ThingsApp.swift */,
				49A0CE37298BE0CB00D54732 /* Preview Content */,
			);
			path = "SwiftUI Things";
			sourceTree = "<group>";
		};
		49A0CE37298BE0CB00D54732 /* Preview Content */ = {
			isa = PBXGroup;
			children = (
				49A0CE38298BE0CB00D54732 /* Preview Assets.xcassets */,
			);
			path = "Preview Content";
			sourceTree = "<group>";
		};
		49A0CE3F298BE2EA00D54732 /* Scenes */ = {
			isa = PBXGroup;
			children = (
				49A0CE33298BE0C900D54732 /* MainView.swift */,
			);
			path = Scenes;
			sourceTree = "<group>";
		};
		49A0CE40298BE2F300D54732 /* Components */ = {
			isa = PBXGroup;
			children = (
				49665AA129B4A673007D55D8 /* BackgroundMotionAnimationView.swift */,
				49A9F78E299577AA00B367AE /* CircleGroupView.swift */,
				49A0CE46298BEE0900D54732 /* SlideTo.swift */,
			);
			path = Components;
			sourceTree = "<group>";
		};
		49A0CE41298BE37200D54732 /* Models */ = {
			isa = PBXGroup;
			children = (
				49A0CE44298BE98E00D54732 /* DestinationView.swift */,
				49A0CE42298BE38500D54732 /* Thing.swift */,
				49A9F78429941FF600B367AE /* ThingType.swift */,
			);
			path = Models;
			sourceTree = "<group>";
		};
		49A9DA9B299FD8620007632C /* Modifiers */ = {
			isa = PBXGroup;
			children = (
				49A9DA9E299FD92C0007632C /* GetHeightModifier.swift */,
			);
			path = Modifiers;
			sourceTree = "<group>";
		};
		49A9DAA0299FDC900007632C /* Models */ = {
			isa = PBXGroup;
			children = (
				497E3357299BFEB3008710B9 /* C4PlayerType.swift */,
			);
			path = Models;
			sourceTree = "<group>";
		};
		49A9DAA1299FDC9A0007632C /* Scenes */ = {
			isa = PBXGroup;
			children = (
				497E33502998FD3A008710B9 /* C4GameView.swift */,
				497E3355299A8AC1008710B9 /* C4GameViewModel.swift */,
			);
			path = Scenes;
			sourceTree = "<group>";
		};
		49A9DAA2299FDCC00007632C /* Components */ = {
			isa = PBXGroup;
			children = (
				497E334B2998FCCA008710B9 /* C4BoardView.swift */,
				497E33472998F3CD008710B9 /* C4HoleView.swift */,
				497E33492998FB95008710B9 /* C4RowView.swift */,
			);
			path = Components;
			sourceTree = "<group>";
		};
		49A9DAA3299FDCF70007632C /* Components */ = {
			isa = PBXGroup;
			children = (
				497E334529967D5F008710B9 /* InfoPanelView.swift */,
			);
			path = Components;
			sourceTree = "<group>";
		};
		49A9DAA4299FDD160007632C /* Models */ = {
			isa = PBXGroup;
			children = (
				497E334329967C8C008710B9 /* PinchPage.swift */,
			);
			path = Models;
			sourceTree = "<group>";
		};
		49A9F7862995763F00B367AE /* SampleApps */ = {
			isa = PBXGroup;
			children = (
				494647CA299FB31600E47D4E /* Fructus */,
				497E334E2998FD23008710B9 /* Connect4 */,
				497E334029967C4B008710B9 /* Pinch */,
				49A9F7872995764A00B367AE /* Restart */,
			);
			path = SampleApps;
			sourceTree = "<group>";
		};
		49A9F7872995764A00B367AE /* Restart */ = {
			isa = PBXGroup;
			children = (
				49A9F7882995765900B367AE /* RestartHomeView.swift */,
				49A9F78C2995767800B367AE /* RestartMainView.swift */,
				49A9F7892995765900B367AE /* RestartOnboardingView.swift */,
			);
			path = Restart;
			sourceTree = "<group>";
		};
		49A9F79029957AB400B367AE /* Sounds */ = {
			isa = PBXGroup;
			children = (
				49A9F79129957AB400B367AE /* chimeup.mp3 */,
				49A9F79229957AB400B367AE /* success.m4a */,
			);
			path = Sounds;
			sourceTree = "<group>";
		};
		49A9F79529957AC900B367AE /* Utilities */ = {
			isa = PBXGroup;
			children = (
				49A9F79629957AC900B367AE /* AudioPlayer.swift */,
				49A9F79829957B9A00B367AE /* Constants.swift */,
			);
			path = Utilities;
			sourceTree = "<group>";
		};
/* End PBXGroup section */

/* Begin PBXNativeTarget section */
		49A0CE2D298BE0C900D54732 /* SwiftUI Things */ = {
			isa = PBXNativeTarget;
			buildConfigurationList = 49A0CE3C298BE0CB00D54732 /* Build configuration list for PBXNativeTarget "SwiftUI Things" */;
			buildPhases = (
				49A0CE2A298BE0C900D54732 /* Sources */,
				49A0CE2B298BE0C900D54732 /* Frameworks */,
				49A0CE2C298BE0C900D54732 /* Resources */,
			);
			buildRules = (
			);
			dependencies = (
			);
			name = "SwiftUI Things";
			packageProductDependencies = (
			);
			productName = "SwiftUI Things";
			productReference = 49A0CE2E298BE0C900D54732 /* SwiftUI Things.app */;
			productType = "com.apple.product-type.application";
		};
/* End PBXNativeTarget section */

/* Begin PBXProject section */
		49A0CE26298BE0C900D54732 /* Project object */ = {
			isa = PBXProject;
			attributes = {
				BuildIndependentTargetsInParallel = 1;
				LastSwiftUpdateCheck = 1420;
				LastUpgradeCheck = 1420;
				TargetAttributes = {
					49A0CE2D298BE0C900D54732 = {
						CreatedOnToolsVersion = 14.2;
					};
				};
			};
			buildConfigurationList = 49A0CE29298BE0C900D54732 /* Build configuration list for PBXProject "SwiftUI Things" */;
			compatibilityVersion = "Xcode 14.0";
			developmentRegion = en;
			hasScannedForEncodings = 0;
			knownRegions = (
				en,
				Base,
			);
			mainGroup = 49A0CE25298BE0C900D54732;
			packageReferences = (
			);
			productRefGroup = 49A0CE2F298BE0C900D54732 /* Products */;
			projectDirPath = "";
			projectRoot = "";
			targets = (
				49A0CE2D298BE0C900D54732 /* SwiftUI Things */,
			);
		};
/* End PBXProject section */

/* Begin PBXResourcesBuildPhase section */
		49A0CE2C298BE0C900D54732 /* Resources */ = {
			isa = PBXResourcesBuildPhase;
			buildActionMask = 2147483647;
			files = (
				49A9F79429957AB400B367AE /* success.m4a in Resources */,
				49A9F79329957AB400B367AE /* chimeup.mp3 in Resources */,
				49A0CE39298BE0CB00D54732 /* Preview Assets.xcassets in Resources */,
				49A0CE36298BE0CB00D54732 /* Assets.xcassets in Resources */,
			);
			runOnlyForDeploymentPostprocessing = 0;
		};
/* End PBXResourcesBuildPhase section */

/* Begin PBXSourcesBuildPhase section */
		49A0CE2A298BE0C900D54732 /* Sources */ = {
			isa = PBXSourcesBuildPhase;
			buildActionMask = 2147483647;
			files = (
				49A9F78F299577AA00B367AE /* CircleGroupView.swift in Sources */,
				49A9F78529941FF600B367AE /* ThingType.swift in Sources */,
				494647E6299FB32B00E47D4E /* FruitRowView.swift in Sources */,
				49A9F79729957ACA00B367AE /* AudioPlayer.swift in Sources */,
				494647E0299FB32B00E47D4E /* FructusSettingsView.swift in Sources */,
				494647DF299FB32B00E47D4E /* FruitDetailView.swift in Sources */,
				49A9F78A2995765A00B367AE /* RestartHomeView.swift in Sources */,
				49A9DA9F299FD92C0007632C /* GetHeightModifier.swift in Sources */,
				497E334C2998FCCA008710B9 /* C4BoardView.swift in Sources */,
				49665AA229B4A673007D55D8 /* BackgroundMotionAnimationView.swift in Sources */,
				49A0CE47298BEE0900D54732 /* SlideTo.swift in Sources */,
				494647E5299FB32B00E47D4E /* StartButtonView.swift in Sources */,
				494647EB299FB32B00E47D4E /* SettingsLabelView.swift in Sources */,
				49A0CE34298BE0C900D54732 /* MainView.swift in Sources */,
				49A0CE45298BE98E00D54732 /* DestinationView.swift in Sources */,
				49A9F78D2995767800B367AE /* RestartMainView.swift in Sources */,
				497E334429967C8C008710B9 /* PinchPage.swift in Sources */,
				49A9F78B2995765A00B367AE /* RestartOnboardingView.swift in Sources */,
				494647E4299FB32B00E47D4E /* FructusContentView.swift in Sources */,
				49A0CE43298BE38500D54732 /* Thing.swift in Sources */,
				494647E8299FB32B00E47D4E /* FruitNutrientsView.swift in Sources */,
				494647E2299FB32B00E47D4E /* FructusOnboardingView.swift in Sources */,
				497E334229967C59008710B9 /* PinchMainView.swift in Sources */,
				497E33512998FD3A008710B9 /* C4GameView.swift in Sources */,
				497E334A2998FB95008710B9 /* C4RowView.swift in Sources */,
				497E33482998F3CD008710B9 /* C4HoleView.swift in Sources */,
				49A0CE32298BE0C900D54732 /* SwiftUI_ThingsApp.swift in Sources */,
				497E3356299A8AC1008710B9 /* C4GameViewModel.swift in Sources */,
				49A9F79929957B9A00B367AE /* Constants.swift in Sources */,
				494647EC299FB32B00E47D4E /* FruitModel.swift in Sources */,
				494647E1299FB32B00E47D4E /* SettingsRowView.swift in Sources */,
				494647E7299FB32B00E47D4E /* SourceLinkView.swift in Sources */,
				494647E9299FB32B00E47D4E /* FruitHeaderView.swift in Sources */,
				494647DE299FB32B00E47D4E /* FruitData.swift in Sources */,
				494647EA299FB32B00E47D4E /* FruitCardView.swift in Sources */,
				497E3358299BFEB3008710B9 /* C4PlayerType.swift in Sources */,
				497E334629967D5F008710B9 /* InfoPanelView.swift in Sources */,
				494647E3299FB32B00E47D4E /* FructusApp.swift in Sources */,
			);
			runOnlyForDeploymentPostprocessing = 0;
		};
/* End PBXSourcesBuildPhase section */

/* Begin XCBuildConfiguration section */
		49A0CE3A298BE0CB00D54732 /* Debug */ = {
			isa = XCBuildConfiguration;
			buildSettings = {
				ALWAYS_SEARCH_USER_PATHS = NO;
				CLANG_ANALYZER_NONNULL = YES;
				CLANG_ANALYZER_NUMBER_OBJECT_CONVERSION = YES_AGGRESSIVE;
				CLANG_CXX_LANGUAGE_STANDARD = "gnu++20";
				CLANG_ENABLE_MODULES = YES;
				CLANG_ENABLE_OBJC_ARC = YES;
				CLANG_ENABLE_OBJC_WEAK = YES;
				CLANG_WARN_BLOCK_CAPTURE_AUTORELEASING = YES;
				CLANG_WARN_BOOL_CONVERSION = YES;
				CLANG_WARN_COMMA = YES;
				CLANG_WARN_CONSTANT_CONVERSION = YES;
				CLANG_WARN_DEPRECATED_OBJC_IMPLEMENTATIONS = YES;
				CLANG_WARN_DIRECT_OBJC_ISA_USAGE = YES_ERROR;
				CLANG_WARN_DOCUMENTATION_COMMENTS = YES;
				CLANG_WARN_EMPTY_BODY = YES;
				CLANG_WARN_ENUM_CONVERSION = YES;
				CLANG_WARN_INFINITE_RECURSION = YES;
				CLANG_WARN_INT_CONVERSION = YES;
				CLANG_WARN_NON_LITERAL_NULL_CONVERSION = YES;
				CLANG_WARN_OBJC_IMPLICIT_RETAIN_SELF = YES;
				CLANG_WARN_OBJC_LITERAL_CONVERSION = YES;
				CLANG_WARN_OBJC_ROOT_CLASS = YES_ERROR;
				CLANG_WARN_QUOTED_INCLUDE_IN_FRAMEWORK_HEADER = YES;
				CLANG_WARN_RANGE_LOOP_ANALYSIS = YES;
				CLANG_WARN_STRICT_PROTOTYPES = YES;
				CLANG_WARN_SUSPICIOUS_MOVE = YES;
				CLANG_WARN_UNGUARDED_AVAILABILITY = YES_AGGRESSIVE;
				CLANG_WARN_UNREACHABLE_CODE = YES;
				CLANG_WARN__DUPLICATE_METHOD_MATCH = YES;
				COPY_PHASE_STRIP = NO;
				DEBUG_INFORMATION_FORMAT = dwarf;
				ENABLE_STRICT_OBJC_MSGSEND = YES;
				ENABLE_TESTABILITY = YES;
				GCC_C_LANGUAGE_STANDARD = gnu11;
				GCC_DYNAMIC_NO_PIC = NO;
				GCC_NO_COMMON_BLOCKS = YES;
				GCC_OPTIMIZATION_LEVEL = 0;
				GCC_PREPROCESSOR_DEFINITIONS = (
					"DEBUG=1",
					"$(inherited)",
				);
				GCC_WARN_64_TO_32_BIT_CONVERSION = YES;
				GCC_WARN_ABOUT_RETURN_TYPE = YES_ERROR;
				GCC_WARN_UNDECLARED_SELECTOR = YES;
				GCC_WARN_UNINITIALIZED_AUTOS = YES_AGGRESSIVE;
				GCC_WARN_UNUSED_FUNCTION = YES;
				GCC_WARN_UNUSED_VARIABLE = YES;
				IPHONEOS_DEPLOYMENT_TARGET = 16.2;
				MTL_ENABLE_DEBUG_INFO = INCLUDE_SOURCE;
				MTL_FAST_MATH = YES;
				ONLY_ACTIVE_ARCH = YES;
				SDKROOT = iphoneos;
				SWIFT_ACTIVE_COMPILATION_CONDITIONS = DEBUG;
				SWIFT_OPTIMIZATION_LEVEL = "-Onone";
			};
			name = Debug;
		};
		49A0CE3B298BE0CB00D54732 /* Release */ = {
			isa = XCBuildConfiguration;
			buildSettings = {
				ALWAYS_SEARCH_USER_PATHS = NO;
				CLANG_ANALYZER_NONNULL = YES;
				CLANG_ANALYZER_NUMBER_OBJECT_CONVERSION = YES_AGGRESSIVE;
				CLANG_CXX_LANGUAGE_STANDARD = "gnu++20";
				CLANG_ENABLE_MODULES = YES;
				CLANG_ENABLE_OBJC_ARC = YES;
				CLANG_ENABLE_OBJC_WEAK = YES;
				CLANG_WARN_BLOCK_CAPTURE_AUTORELEASING = YES;
				CLANG_WARN_BOOL_CONVERSION = YES;
				CLANG_WARN_COMMA = YES;
				CLANG_WARN_CONSTANT_CONVERSION = YES;
				CLANG_WARN_DEPRECATED_OBJC_IMPLEMENTATIONS = YES;
				CLANG_WARN_DIRECT_OBJC_ISA_USAGE = YES_ERROR;
				CLANG_WARN_DOCUMENTATION_COMMENTS = YES;
				CLANG_WARN_EMPTY_BODY = YES;
				CLANG_WARN_ENUM_CONVERSION = YES;
				CLANG_WARN_INFINITE_RECURSION = YES;
				CLANG_WARN_INT_CONVERSION = YES;
				CLANG_WARN_NON_LITERAL_NULL_CONVERSION = YES;
				CLANG_WARN_OBJC_IMPLICIT_RETAIN_SELF = YES;
				CLANG_WARN_OBJC_LITERAL_CONVERSION = YES;
				CLANG_WARN_OBJC_ROOT_CLASS = YES_ERROR;
				CLANG_WARN_QUOTED_INCLUDE_IN_FRAMEWORK_HEADER = YES;
				CLANG_WARN_RANGE_LOOP_ANALYSIS = YES;
				CLANG_WARN_STRICT_PROTOTYPES = YES;
				CLANG_WARN_SUSPICIOUS_MOVE = YES;
				CLANG_WARN_UNGUARDED_AVAILABILITY = YES_AGGRESSIVE;
				CLANG_WARN_UNREACHABLE_CODE = YES;
				CLANG_WARN__DUPLICATE_METHOD_MATCH = YES;
				COPY_PHASE_STRIP = NO;
				DEBUG_INFORMATION_FORMAT = "dwarf-with-dsym";
				ENABLE_NS_ASSERTIONS = NO;
				ENABLE_STRICT_OBJC_MSGSEND = YES;
				GCC_C_LANGUAGE_STANDARD = gnu11;
				GCC_NO_COMMON_BLOCKS = YES;
				GCC_WARN_64_TO_32_BIT_CONVERSION = YES;
				GCC_WARN_ABOUT_RETURN_TYPE = YES_ERROR;
				GCC_WARN_UNDECLARED_SELECTOR = YES;
				GCC_WARN_UNINITIALIZED_AUTOS = YES_AGGRESSIVE;
				GCC_WARN_UNUSED_FUNCTION = YES;
				GCC_WARN_UNUSED_VARIABLE = YES;
				IPHONEOS_DEPLOYMENT_TARGET = 16.2;
				MTL_ENABLE_DEBUG_INFO = NO;
				MTL_FAST_MATH = YES;
				SDKROOT = iphoneos;
				SWIFT_COMPILATION_MODE = wholemodule;
				SWIFT_OPTIMIZATION_LEVEL = "-O";
				VALIDATE_PRODUCT = YES;
			};
			name = Release;
		};
		49A0CE3D298BE0CB00D54732 /* Debug */ = {
			isa = XCBuildConfiguration;
			buildSettings = {
				ASSETCATALOG_COMPILER_APPICON_NAME = AppIcon;
				ASSETCATALOG_COMPILER_GLOBAL_ACCENT_COLOR_NAME = AccentColor;
				CODE_SIGN_STYLE = Automatic;
				CURRENT_PROJECT_VERSION = 1;
				DEVELOPMENT_ASSET_PATHS = "\"SwiftUI Things/Preview Content\"";
				DEVELOPMENT_TEAM = HDC4S2P5MK;
				ENABLE_PREVIEWS = YES;
				GENERATE_INFOPLIST_FILE = YES;
				INFOPLIST_KEY_UIApplicationSceneManifest_Generation = YES;
				INFOPLIST_KEY_UIApplicationSupportsIndirectInputEvents = YES;
				INFOPLIST_KEY_UILaunchScreen_Generation = YES;
				INFOPLIST_KEY_UISupportedInterfaceOrientations = UIInterfaceOrientationPortrait;
				INFOPLIST_KEY_UISupportedInterfaceOrientations_iPad = "UIInterfaceOrientationLandscapeLeft UIInterfaceOrientationLandscapeRight UIInterfaceOrientationPortrait UIInterfaceOrientationPortraitUpsideDown";
				LD_RUNPATH_SEARCH_PATHS = (
					"$(inherited)",
					"@executable_path/Frameworks",
				);
				MARKETING_VERSION = 1.0;
				PRODUCT_BUNDLE_IDENTIFIER = "com.jlagunadev.SwiftUI-Things";
				PRODUCT_NAME = "$(TARGET_NAME)";
				SWIFT_EMIT_LOC_STRINGS = YES;
				SWIFT_VERSION = 5.0;
				TARGETED_DEVICE_FAMILY = "1,2";
			};
			name = Debug;
		};
		49A0CE3E298BE0CB00D54732 /* Release */ = {
			isa = XCBuildConfiguration;
			buildSettings = {
				ASSETCATALOG_COMPILER_APPICON_NAME = AppIcon;
				ASSETCATALOG_COMPILER_GLOBAL_ACCENT_COLOR_NAME = AccentColor;
				CODE_SIGN_STYLE = Automatic;
				CURRENT_PROJECT_VERSION = 1;
				DEVELOPMENT_ASSET_PATHS = "\"SwiftUI Things/Preview Content\"";
				DEVELOPMENT_TEAM = HDC4S2P5MK;
				ENABLE_PREVIEWS = YES;
				GENERATE_INFOPLIST_FILE = YES;
				INFOPLIST_KEY_UIApplicationSceneManifest_Generation = YES;
				INFOPLIST_KEY_UIApplicationSupportsIndirectInputEvents = YES;
				INFOPLIST_KEY_UILaunchScreen_Generation = YES;
				INFOPLIST_KEY_UISupportedInterfaceOrientations = UIInterfaceOrientationPortrait;
				INFOPLIST_KEY_UISupportedInterfaceOrientations_iPad = "UIInterfaceOrientationLandscapeLeft UIInterfaceOrientationLandscapeRight UIInterfaceOrientationPortrait UIInterfaceOrientationPortraitUpsideDown";
				LD_RUNPATH_SEARCH_PATHS = (
					"$(inherited)",
					"@executable_path/Frameworks",
				);
				MARKETING_VERSION = 1.0;
				PRODUCT_BUNDLE_IDENTIFIER = "com.jlagunadev.SwiftUI-Things";
				PRODUCT_NAME = "$(TARGET_NAME)";
				SWIFT_EMIT_LOC_STRINGS = YES;
				SWIFT_VERSION = 5.0;
				TARGETED_DEVICE_FAMILY = "1,2";
			};
			name = Release;
		};
/* End XCBuildConfiguration section */

/* Begin XCConfigurationList section */
		49A0CE29298BE0C900D54732 /* Build configuration list for PBXProject "SwiftUI Things" */ = {
			isa = XCConfigurationList;
			buildConfigurations = (
				49A0CE3A298BE0CB00D54732 /* Debug */,
				49A0CE3B298BE0CB00D54732 /* Release */,
			);
			defaultConfigurationIsVisible = 0;
			defaultConfigurationName = Release;
		};
		49A0CE3C298BE0CB00D54732 /* Build configuration list for PBXNativeTarget "SwiftUI Things" */ = {
			isa = XCConfigurationList;
			buildConfigurations = (
				49A0CE3D298BE0CB00D54732 /* Debug */,
				49A0CE3E298BE0CB00D54732 /* Release */,
			);
			defaultConfigurationIsVisible = 0;
			defaultConfigurationName = Release;
		};
/* End XCConfigurationList section */
	};
	rootObject = 49A0CE26298BE0C900D54732 /* Project object */;
}
